
Microsoft Visual Studio Solution File, Format Version 12.00
# Visual Studio Version 17
VisualStudioVersion = 17.13.35931.197 d17.13
MinimumVisualStudioVersion = 10.0.40219.1
Project("{FAE04EC0-301F-11D3-BF4B-00C04F79EFBC}") = "AwesomeTickets", "AwesomeTickets\AwesomeTickets.csproj", "{DD8D9AA4-ECB7-4360-B37B-E04DDCF05637}"
EndProject
Global
	GlobalSection(SolutionConfigurationPlatforms) = preSolution
		Debug|Any CPU = Debug|Any CPU
		Release|Any CPU = Release|Any CPU
	EndGlobalSection
	GlobalSection(ProjectConfigurationPlatforms) = postSolution
		{DD8D9AA4-ECB7-4360-B37B-E04DDCF05637}.Debug|Any CPU.ActiveCfg = Debug|Any CPU
		{DD8D9AA4-ECB7-4360-B37B-E04DDCF05637}.Debug|Any CPU.Build.0 = Debug|Any CPU
		{DD8D9AA4-ECB7-4360-B37B-E04DDCF05637}.Release|Any CPU.ActiveCfg = Release|Any CPU
		{DD8D9AA4-ECB7-4360-B37B-E04DDCF05637}.Release|Any CPU.Build.0 = Release|Any CPU
	EndGlobalSection
	GlobalSection(SolutionProperties) = preSolution
		HideSolutionNode = FALSE
	EndGlobalSection
	GlobalSection(ExtensibilityGlobals) = postSolution
		SolutionGuid = {65CA472D-2397-4DEB-94AA-BAB43EFA3D9E}
	EndGlobalSection
EndGlobal
